
Microsoft Visual Studio Solution File, Format Version 12.00
# Visual Studio Version 17
VisualStudioVersion = 17.5.33424.131
MinimumVisualStudioVersion = 10.0.40219.1
Project("{FAE04EC0-301F-11D3-BF4B-00C04F79EFBC}") = "ShoppingCartUI", "ShoppingCartUI\ShoppingCartUI.csproj", "{55A10D42-DB4F-42AB-A768-36BC4C0D4557}"
EndProject
Global
	GlobalSection(SolutionConfigurationPlatforms) = preSolution
		Debug|Any CPU = Debug|Any CPU
		Release|Any CPU = Release|Any CPU
	EndGlobalSection
	GlobalSection(ProjectConfigurationPlatforms) = postSolution
		{55A10D42-DB4F-42AB-A768-36BC4C0D4557}.Debug|Any CPU.ActiveCfg = Debug|Any CPU
		{55A10D42-DB4F-42AB-A768-36BC4C0D4557}.Debug|Any CPU.Build.0 = Debug|Any CPU
		{55A10D42-DB4F-42AB-A768-36BC4C0D4557}.Release|Any CPU.ActiveCfg = Release|Any CPU
		{55A10D42-DB4F-42AB-A768-36BC4C0D4557}.Release|Any CPU.Build.0 = Release|Any CPU
	EndGlobalSection
	GlobalSection(SolutionProperties) = preSolution
		HideSolutionNode = FALSE
	EndGlobalSection
	GlobalSection(ExtensibilityGlobals) = postSolution
		SolutionGuid = {DC3572AC-0F38-4A15-99B6-C3EB5050DBC7}
	EndGlobalSection
EndGlobal
